
Microsoft Visual Studio Solution File, Format Version 12.00
# Visual Studio Version 17
VisualStudioVersion = 17.0.31903.59
MinimumVisualStudioVersion = 10.0.40219.1
Project("{2150E333-8FDC-42A3-9474-1A3956D46DE8}") = "src", "src", "{827E0CD3-B72D-47B6-A68D-7590B98EB39B}"
EndProject
Project("{FAE04EC0-301F-11D3-BF4B-00C04F79EFBC}") = "TaskFlow.Domain", "src\TaskFlow.Domain\TaskFlow.Domain.csproj", "{72074A10-C617-4651-B296-8B4F5CC7139C}"
EndProject
Project("{FAE04EC0-301F-11D3-BF4B-00C04F79EFBC}") = "TaskFlow.Application", "src\TaskFlow.Application\TaskFlow.Application.csproj", "{42DD3A5C-4660-40FC-A19C-C30FF495EF0B}"
EndProject
Project("{FAE04EC0-301F-11D3-BF4B-00C04F79EFBC}") = "TaskFlow.Infrastructure", "src\TaskFlow.Infrastructure\TaskFlow.Infrastructure.csproj", "{EC75BFF9-5EFA-4BB0-9672-78163FACD919}"
EndProject
Project("{FAE04EC0-301F-11D3-BF4B-00C04F79EFBC}") = "TaskFlow.API", "src\TaskFlow.API\TaskFlow.API.csproj", "{FB32A046-294B-4A87-8BAF-4637FCAC9895}"
EndProject
Project("{2150E333-8FDC-42A3-9474-1A3956D46DE8}") = "tests", "tests", "{0AB3BF05-4346-4AA6-1389-037BE0695223}"
EndProject
Project("{FAE04EC0-301F-11D3-BF4B-00C04F79EFBC}") = "TaskFlow.Domain.Tests", "tests\TaskFlow.Domain.Tests\TaskFlow.Domain.Tests.csproj", "{C1C985F8-12B5-4DAE-8621-805D2A93F036}"
EndProject
Project("{FAE04EC0-301F-11D3-BF4B-00C04F79EFBC}") = "TaskFlow.Application.Tests", "tests\TaskFlow.Application.Tests\TaskFlow.Application.Tests.csproj", "{9724041F-1001-4DE2-BAD2-C25AA981DFCF}"
EndProject
Project("{FAE04EC0-301F-11D3-BF4B-00C04F79EFBC}") = "TaskFlow.IntegrationTests", "tests\TaskFlow.IntegrationTests\TaskFlow.IntegrationTests.csproj", "{01B32ABD-83EF-41EB-ABDB-8EC7745D0F37}"
EndProject
Project("{FAE04EC0-301F-11D3-BF4B-00C04F79EFBC}") = "TaskFlow.E2E", "tests\TaskFlow.E2E\TaskFlow.E2E.csproj", "{35A5EE1B-A3D9-420D-B7A5-60293249E098}"
EndProject
Global
	GlobalSection(SolutionConfigurationPlatforms) = preSolution
		Debug|Any CPU = Debug|Any CPU
		Debug|x64 = Debug|x64
		Debug|x86 = Debug|x86
		Release|Any CPU = Release|Any CPU
		Release|x64 = Release|x64
		Release|x86 = Release|x86
	EndGlobalSection
	GlobalSection(ProjectConfigurationPlatforms) = postSolution
		{72074A10-C617-4651-B296-8B4F5CC7139C}.Debug|Any CPU.ActiveCfg = Debug|Any CPU
		{72074A10-C617-4651-B296-8B4F5CC7139C}.Debug|Any CPU.Build.0 = Debug|Any CPU
		{72074A10-C617-4651-B296-8B4F5CC7139C}.Debug|x64.ActiveCfg = Debug|Any CPU
		{72074A10-C617-4651-B296-8B4F5CC7139C}.Debug|x64.Build.0 = Debug|Any CPU
		{72074A10-C617-4651-B296-8B4F5CC7139C}.Debug|x86.ActiveCfg = Debug|Any CPU
		{72074A10-C617-4651-B296-8B4F5CC7139C}.Debug|x86.Build.0 = Debug|Any CPU
		{72074A10-C617-4651-B296-8B4F5CC7139C}.Release|Any CPU.ActiveCfg = Release|Any CPU
		{72074A10-C617-4651-B296-8B4F5CC7139C}.Release|Any CPU.Build.0 = Release|Any CPU
		{72074A10-C617-4651-B296-8B4F5CC7139C}.Release|x64.ActiveCfg = Release|Any CPU
		{72074A10-C617-4651-B296-8B4F5CC7139C}.Release|x64.Build.0 = Release|Any CPU
		{72074A10-C617-4651-B296-8B4F5CC7139C}.Release|x86.ActiveCfg = Release|Any CPU
		{72074A10-C617-4651-B296-8B4F5CC7139C}.Release|x86.Build.0 = Release|Any CPU
		{42DD3A5C-4660-40FC-A19C-C30FF495EF0B}.Debug|Any CPU.ActiveCfg = Debug|Any CPU
		{42DD3A5C-4660-40FC-A19C-C30FF495EF0B}.Debug|Any CPU.Build.0 = Debug|Any CPU
		{42DD3A5C-4660-40FC-A19C-C30FF495EF0B}.Debug|x64.ActiveCfg = Debug|Any CPU
		{42DD3A5C-4660-40FC-A19C-C30FF495EF0B}.Debug|x64.Build.0 = Debug|Any CPU
		{42DD3A5C-4660-40FC-A19C-C30FF495EF0B}.Debug|x86.ActiveCfg = Debug|Any CPU
		{42DD3A5C-4660-40FC-A19C-C30FF495EF0B}.Debug|x86.Build.0 = Debug|Any CPU
		{42DD3A5C-4660-40FC-A19C-C30FF495EF0B}.Release|Any CPU.ActiveCfg = Release|Any CPU
		{42DD3A5C-4660-40FC-A19C-C30FF495EF0B}.Release|Any CPU.Build.0 = Release|Any CPU
		{42DD3A5C-4660-40FC-A19C-C30FF495EF0B}.Release|x64.ActiveCfg = Release|Any CPU
		{42DD3A5C-4660-40FC-A19C-C30FF495EF0B}.Release|x64.Build.0 = Release|Any CPU
		{42DD3A5C-4660-40FC-A19C-C30FF495EF0B}.Release|x86.ActiveCfg = Release|Any CPU
		{42DD3A5C-4660-40FC-A19C-C30FF495EF0B}.Release|x86.Build.0 = Release|Any CPU
		{EC75BFF9-5EFA-4BB0-9672-78163FACD919}.Debug|Any CPU.ActiveCfg = Debug|Any CPU
		{EC75BFF9-5EFA-4BB0-9672-78163FACD919}.Debug|Any CPU.Build.0 = Debug|Any CPU
		{EC75BFF9-5EFA-4BB0-9672-78163FACD919}.Debug|x64.ActiveCfg = Debug|Any CPU
		{EC75BFF9-5EFA-4BB0-9672-78163FACD919}.Debug|x64.Build.0 = Debug|Any CPU
		{EC75BFF9-5EFA-4BB0-9672-78163FACD919}.Debug|x86.ActiveCfg = Debug|Any CPU
		{EC75BFF9-5EFA-4BB0-9672-78163FACD919}.Debug|x86.Build.0 = Debug|Any CPU
		{EC75BFF9-5EFA-4BB0-9672-78163FACD919}.Release|Any CPU.ActiveCfg = Release|Any CPU
		{EC75BFF9-5EFA-4BB0-9672-78163FACD919}.Release|Any CPU.Build.0 = Release|Any CPU
		{EC75BFF9-5EFA-4BB0-9672-78163FACD919}.Release|x64.ActiveCfg = Release|Any CPU
		{EC75BFF9-5EFA-4BB0-9672-78163FACD919}.Release|x64.Build.0 = Release|Any CPU
		{EC75BFF9-5EFA-4BB0-9672-78163FACD919}.Release|x86.ActiveCfg = Release|Any CPU
		{EC75BFF9-5EFA-4BB0-9672-78163FACD919}.Release|x86.Build.0 = Release|Any CPU
		{FB32A046-294B-4A87-8BAF-4637FCAC9895}.Debug|Any CPU.ActiveCfg = Debug|Any CPU
		{FB32A046-294B-4A87-8BAF-4637FCAC9895}.Debug|Any CPU.Build.0 = Debug|Any CPU
		{FB32A046-294B-4A87-8BAF-4637FCAC9895}.Debug|x64.ActiveCfg = Debug|Any CPU
		{FB32A046-294B-4A87-8BAF-4637FCAC9895}.Debug|x64.Build.0 = Debug|Any CPU
		{FB32A046-294B-4A87-8BAF-4637FCAC9895}.Debug|x86.ActiveCfg = Debug|Any CPU
		{FB32A046-294B-4A87-8BAF-4637FCAC9895}.Debug|x86.Build.0 = Debug|Any CPU
		{FB32A046-294B-4A87-8BAF-4637FCAC9895}.Release|Any CPU.ActiveCfg = Release|Any CPU
		{FB32A046-294B-4A87-8BAF-4637FCAC9895}.Release|Any CPU.Build.0 = Release|Any CPU
		{FB32A046-294B-4A87-8BAF-4637FCAC9895}.Release|x64.ActiveCfg = Release|Any CPU
		{FB32A046-294B-4A87-8BAF-4637FCAC9895}.Release|x64.Build.0 = Release|Any CPU
		{FB32A046-294B-4A87-8BAF-4637FCAC9895}.Release|x86.ActiveCfg = Release|Any CPU
		{FB32A046-294B-4A87-8BAF-4637FCAC9895}.Release|x86.Build.0 = Release|Any CPU
		{C1C985F8-12B5-4DAE-8621-805D2A93F036}.Debug|Any CPU.ActiveCfg = Debug|Any CPU
		{C1C985F8-12B5-4DAE-8621-805D2A93F036}.Debug|Any CPU.Build.0 = Debug|Any CPU
		{C1C985F8-12B5-4DAE-8621-805D2A93F036}.Debug|x64.ActiveCfg = Debug|Any CPU
		{C1C985F8-12B5-4DAE-8621-805D2A93F036}.Debug|x64.Build.0 = Debug|Any CPU
		{C1C985F8-12B5-4DAE-8621-805D2A93F036}.Debug|x86.ActiveCfg = Debug|Any CPU
		{C1C985F8-12B5-4DAE-8621-805D2A93F036}.Debug|x86.Build.0 = Debug|Any CPU
		{C1C985F8-12B5-4DAE-8621-805D2A93F036}.Release|Any CPU.ActiveCfg = Release|Any CPU
		{C1C985F8-12B5-4DAE-8621-805D2A93F036}.Release|Any CPU.Build.0 = Release|Any CPU
		{C1C985F8-12B5-4DAE-8621-805D2A93F036}.Release|x64.ActiveCfg = Release|Any CPU
		{C1C985F8-12B5-4DAE-8621-805D2A93F036}.Release|x64.Build.0 = Release|Any CPU
		{C1C985F8-12B5-4DAE-8621-805D2A93F036}.Release|x86.ActiveCfg = Release|Any CPU
		{C1C985F8-12B5-4DAE-8621-805D2A93F036}.Release|x86.Build.0 = Release|Any CPU
		{9724041F-1001-4DE2-BAD2-C25AA981DFCF}.Debug|Any CPU.ActiveCfg = Debug|Any CPU
		{9724041F-1001-4DE2-BAD2-C25AA981DFCF}.Debug|Any CPU.Build.0 = Debug|Any CPU
		{9724041F-1001-4DE2-BAD2-C25AA981DFCF}.Debug|x64.ActiveCfg = Debug|Any CPU
		{9724041F-1001-4DE2-BAD2-C25AA981DFCF}.Debug|x64.Build.0 = Debug|Any CPU
		{9724041F-1001-4DE2-BAD2-C25AA981DFCF}.Debug|x86.ActiveCfg = Debug|Any CPU
		{9724041F-1001-4DE2-BAD2-C25AA981DFCF}.Debug|x86.Build.0 = Debug|Any CPU
		{9724041F-1001-4DE2-BAD2-C25AA981DFCF}.Release|Any CPU.ActiveCfg = Release|Any CPU
		{9724041F-1001-4DE2-BAD2-C25AA981DFCF}.Release|Any CPU.Build.0 = Release|Any CPU
		{9724041F-1001-4DE2-BAD2-C25AA981DFCF}.Release|x64.ActiveCfg = Release|Any CPU
		{9724041F-1001-4DE2-BAD2-C25AA981DFCF}.Release|x64.Build.0 = Release|Any CPU
		{9724041F-1001-4DE2-BAD2-C25AA981DFCF}.Release|x86.ActiveCfg = Release|Any CPU
		{9724041F-1001-4DE2-BAD2-C25AA981DFCF}.Release|x86.Build.0 = Release|Any CPU
		{01B32ABD-83EF-41EB-ABDB-8EC7745D0F37}.Debug|Any CPU.ActiveCfg = Debug|Any CPU
		{01B32ABD-83EF-41EB-ABDB-8EC7745D0F37}.Debug|Any CPU.Build.0 = Debug|Any CPU
		{01B32ABD-83EF-41EB-ABDB-8EC7745D0F37}.Debug|x64.ActiveCfg = Debug|Any CPU
		{01B32ABD-83EF-41EB-ABDB-8EC7745D0F37}.Debug|x64.Build.0 = Debug|Any CPU
		{01B32ABD-83EF-41EB-ABDB-8EC7745D0F37}.Debug|x86.ActiveCfg = Debug|Any CPU
		{01B32ABD-83EF-41EB-ABDB-8EC7745D0F37}.Debug|x86.Build.0 = Debug|Any CPU
		{01B32ABD-83EF-41EB-ABDB-8EC7745D0F37}.Release|Any CPU.ActiveCfg = Release|Any CPU
		{01B32ABD-83EF-41EB-ABDB-8EC7745D0F37}.Release|Any CPU.Build.0 = Release|Any CPU
		{01B32ABD-83EF-41EB-ABDB-8EC7745D0F37}.Release|x64.ActiveCfg = Release|Any CPU
		{01B32ABD-83EF-41EB-ABDB-8EC7745D0F37}.Release|x64.Build.0 = Release|Any CPU
		{01B32ABD-83EF-41EB-ABDB-8EC7745D0F37}.Release|x86.ActiveCfg = Release|Any CPU
		{01B32ABD-83EF-41EB-ABDB-8EC7745D0F37}.Release|x86.Build.0 = Release|Any CPU
		{35A5EE1B-A3D9-420D-B7A5-60293249E098}.Debug|Any CPU.ActiveCfg = Debug|Any CPU
		{35A5EE1B-A3D9-420D-B7A5-60293249E098}.Debug|Any CPU.Build.0 = Debug|Any CPU
		{35A5EE1B-A3D9-420D-B7A5-60293249E098}.Debug|x64.ActiveCfg = Debug|Any CPU
		{35A5EE1B-A3D9-420D-B7A5-60293249E098}.Debug|x64.Build.0 = Debug|Any CPU
		{35A5EE1B-A3D9-420D-B7A5-60293249E098}.Debug|x86.ActiveCfg = Debug|Any CPU
		{35A5EE1B-A3D9-420D-B7A5-60293249E098}.Debug|x86.Build.0 = Debug|Any CPU
		{35A5EE1B-A3D9-420D-B7A5-60293249E098}.Release|Any CPU.ActiveCfg = Release|Any CPU
		{35A5EE1B-A3D9-420D-B7A5-60293249E098}.Release|Any CPU.Build.0 = Release|Any CPU
		{35A5EE1B-A3D9-420D-B7A5-60293249E098}.Release|x64.ActiveCfg = Release|Any CPU
		{35A5EE1B-A3D9-420D-B7A5-60293249E098}.Release|x64.Build.0 = Release|Any CPU
		{35A5EE1B-A3D9-420D-B7A5-60293249E098}.Release|x86.ActiveCfg = Release|Any CPU
		{35A5EE1B-A3D9-420D-B7A5-60293249E098}.Release|x86.Build.0 = Release|Any CPU
	EndGlobalSection
	GlobalSection(SolutionProperties) = preSolution
		HideSolutionNode = FALSE
	EndGlobalSection
	GlobalSection(NestedProjects) = preSolution
		{72074A10-C617-4651-B296-8B4F5CC7139C} = {827E0CD3-B72D-47B6-A68D-7590B98EB39B}
		{42DD3A5C-4660-40FC-A19C-C30FF495EF0B} = {827E0CD3-B72D-47B6-A68D-7590B98EB39B}
		{EC75BFF9-5EFA-4BB0-9672-78163FACD919} = {827E0CD3-B72D-47B6-A68D-7590B98EB39B}
		{FB32A046-294B-4A87-8BAF-4637FCAC9895} = {827E0CD3-B72D-47B6-A68D-7590B98EB39B}
		{C1C985F8-12B5-4DAE-8621-805D2A93F036} = {0AB3BF05-4346-4AA6-1389-037BE0695223}
		{9724041F-1001-4DE2-BAD2-C25AA981DFCF} = {0AB3BF05-4346-4AA6-1389-037BE0695223}
		{01B32ABD-83EF-41EB-ABDB-8EC7745D0F37} = {0AB3BF05-4346-4AA6-1389-037BE0695223}
		{35A5EE1B-A3D9-420D-B7A5-60293249E098} = {0AB3BF05-4346-4AA6-1389-037BE0695223}
	EndGlobalSection
EndGlobal
