lockfileVersion: '9.0'

settings:
  autoInstallPeers: true
  excludeLinksFromLockfile: false

importers:

  .:
    dependencies:
      zod:
        specifier: ^4.4.3
        version: 4.4.3
    devDependencies:
      '@playwright/test':
        specifier: 1.53.1
        version: 1.53.1
      '@types/node':
        specifier: 22.16.5
        version: 22.16.5
      typescript:
        specifier: 5.8.3
        version: 5.8.3

packages:

  '@playwright/test@1.53.1':
    resolution: {integrity: sha512-Z4c23LHV0muZ8hfv4jw6HngPJkbbtZxTkxPNIg7cJcTc9C28N/p2q7g3JZS2SiKBBHJ3uM1dgDye66bB7LEk5w==}
    engines: {node: '>=18'}
    hasBin: true

  '@types/node@22.16.5':
    resolution: {integrity: sha512-bJFoMATwIGaxxx8VJPeM8TonI8t579oRvgAuT8zFugJsJZgzqv0Fu8Mhp68iecjzG7cnN3mO2dJQ5uUM2EFrgQ==}

  fsevents@2.3.2:
    resolution: {integrity: sha512-xiqMQR4xAeHTuB9uWm+fFRcIOgKBMiOBP+eXiyT7jsgVCq1bkVygt00oASowB7EdtpOHaaPgKt812P9ab+DDKA==}
    engines: {node: ^8.16.0 || ^10.6.0 || >=11.0.0}
    os: [darwin]

  playwright-core@1.53.1:
    resolution: {integrity: sha512-Z46Oq7tLAyT0lGoFx4DOuB1IA9D1TPj0QkYxpPVUnGDqHHvDpCftu1J2hM2PiWsNMoZh8+LQaarAWcDfPBc6zg==}
    engines: {node: '>=18'}
    hasBin: true

  playwright@1.53.1:
    resolution: {integrity: sha512-LJ13YLr/ocweuwxyGf1XNFWIU4M2zUSo149Qbp+A4cpwDjsxRPj7k6H25LBrEHiEwxvRbD8HdwvQmRMSvquhYw==}
    engines: {node: '>=18'}
    hasBin: true

  typescript@5.8.3:
    resolution: {integrity: sha512-p1diW6TqL9L07nNxvRMM7hMMw4c5XOo/1ibL4aAIGmSAt9slTE1Xgw5KWuof2uTOvCg9BY7ZRi+GaF+7sfgPeQ==}
    engines: {node: '>=14.17'}
    hasBin: true

  undici-types@6.21.0:
    resolution: {integrity: sha512-iwDZqg0QAGrg9Rav5H4n0M64c3mkR59cJ6wQp+7C4nI0gsmExaedaYLNO44eT4AtBBwjbTiGPMlt2Md0T9H9JQ==}

  zod@4.4.3:
    resolution: {integrity: sha512-ytENFjIJFl2UwYglde2jchW2Hwm4GJFLDiSXWdTrJQBIN9Fcyp7n4DhxJEiWNAJMV1/BqWfW/kkg71UDcHJyTQ==}

snapshots:

  '@playwright/test@1.53.1':
    dependencies:
      playwright: 1.53.1

  '@types/node@22.16.5':
    dependencies:
      undici-types: 6.21.0

  fsevents@2.3.2:
    optional: true

  playwright-core@1.53.1: {}

  playwright@1.53.1:
    dependencies:
      playwright-core: 1.53.1
    optionalDependencies:
      fsevents: 2.3.2

  typescript@5.8.3: {}

  undici-types@6.21.0: {}

  zod@4.4.3: {}
